
Microsoft Visual Studio Solution File, Format Version 12.00
# Visual Studio 15
VisualStudioVersion = 15.0.26124.0
MinimumVisualStudioVersion = 15.0.26124.0
Project("{2150E333-8FDC-42A3-9474-1A3956D46DE8}") = "src", "src", "{92EEB5E1-BC21-4977-9FC2-0A89C3DA089C}"
EndProject
Project("{FAE04EC0-301F-11D3-BF4B-00C04F79EFBC}") = "IdentityServer4.ApiGateway", "src\IdentityServer4.ApiGateway\IdentityServer4.ApiGateway.csproj", "{E84C784F-493C-4670-BB79-8375EBADBBDC}"
EndProject
Project("{2150E333-8FDC-42A3-9474-1A3956D46DE8}") = "clients", "clients", "{33A4E5C7-B73C-40E7-B58F-C0BB4945760C}"
EndProject
Project("{FAE04EC0-301F-11D3-BF4B-00C04F79EFBC}") = "StudentServiceApi", "clients\StudentServiceApi\StudentServiceApi.csproj", "{7841BD4B-5753-43F5-A7D5-576BA48F495B}"
EndProject
Project("{FAE04EC0-301F-11D3-BF4B-00C04F79EFBC}") = "MVCServiceWebApp", "clients\MVCServiceWebApp\MVCServiceWebApp.csproj", "{CEBEC748-F5F3-4424-8FC5-4FCFA3063FAA}"
EndProject
Global
	GlobalSection(SolutionConfigurationPlatforms) = preSolution
		Debug|Any CPU = Debug|Any CPU
		Debug|x64 = Debug|x64
		Debug|x86 = Debug|x86
		Release|Any CPU = Release|Any CPU
		Release|x64 = Release|x64
		Release|x86 = Release|x86
	EndGlobalSection
	GlobalSection(SolutionProperties) = preSolution
		HideSolutionNode = FALSE
	EndGlobalSection
	GlobalSection(ProjectConfigurationPlatforms) = postSolution
		{E84C784F-493C-4670-BB79-8375EBADBBDC}.Debug|Any CPU.ActiveCfg = Debug|Any CPU
		{E84C784F-493C-4670-BB79-8375EBADBBDC}.Debug|Any CPU.Build.0 = Debug|Any CPU
		{E84C784F-493C-4670-BB79-8375EBADBBDC}.Debug|x64.ActiveCfg = Debug|Any CPU
		{E84C784F-493C-4670-BB79-8375EBADBBDC}.Debug|x64.Build.0 = Debug|Any CPU
		{E84C784F-493C-4670-BB79-8375EBADBBDC}.Debug|x86.ActiveCfg = Debug|Any CPU
		{E84C784F-493C-4670-BB79-8375EBADBBDC}.Debug|x86.Build.0 = Debug|Any CPU
		{E84C784F-493C-4670-BB79-8375EBADBBDC}.Release|Any CPU.ActiveCfg = Release|Any CPU
		{E84C784F-493C-4670-BB79-8375EBADBBDC}.Release|Any CPU.Build.0 = Release|Any CPU
		{E84C784F-493C-4670-BB79-8375EBADBBDC}.Release|x64.ActiveCfg = Release|Any CPU
		{E84C784F-493C-4670-BB79-8375EBADBBDC}.Release|x64.Build.0 = Release|Any CPU
		{E84C784F-493C-4670-BB79-8375EBADBBDC}.Release|x86.ActiveCfg = Release|Any CPU
		{E84C784F-493C-4670-BB79-8375EBADBBDC}.Release|x86.Build.0 = Release|Any CPU
		{7841BD4B-5753-43F5-A7D5-576BA48F495B}.Debug|Any CPU.ActiveCfg = Debug|Any CPU
		{7841BD4B-5753-43F5-A7D5-576BA48F495B}.Debug|Any CPU.Build.0 = Debug|Any CPU
		{7841BD4B-5753-43F5-A7D5-576BA48F495B}.Debug|x64.ActiveCfg = Debug|Any CPU
		{7841BD4B-5753-43F5-A7D5-576BA48F495B}.Debug|x64.Build.0 = Debug|Any CPU
		{7841BD4B-5753-43F5-A7D5-576BA48F495B}.Debug|x86.ActiveCfg = Debug|Any CPU
		{7841BD4B-5753-43F5-A7D5-576BA48F495B}.Debug|x86.Build.0 = Debug|Any CPU
		{7841BD4B-5753-43F5-A7D5-576BA48F495B}.Release|Any CPU.ActiveCfg = Release|Any CPU
		{7841BD4B-5753-43F5-A7D5-576BA48F495B}.Release|Any CPU.Build.0 = Release|Any CPU
		{7841BD4B-5753-43F5-A7D5-576BA48F495B}.Release|x64.ActiveCfg = Release|Any CPU
		{7841BD4B-5753-43F5-A7D5-576BA48F495B}.Release|x64.Build.0 = Release|Any CPU
		{7841BD4B-5753-43F5-A7D5-576BA48F495B}.Release|x86.ActiveCfg = Release|Any CPU
		{7841BD4B-5753-43F5-A7D5-576BA48F495B}.Release|x86.Build.0 = Release|Any CPU
		{CEBEC748-F5F3-4424-8FC5-4FCFA3063FAA}.Debug|Any CPU.ActiveCfg = Debug|Any CPU
		{CEBEC748-F5F3-4424-8FC5-4FCFA3063FAA}.Debug|Any CPU.Build.0 = Debug|Any CPU
		{CEBEC748-F5F3-4424-8FC5-4FCFA3063FAA}.Debug|x64.ActiveCfg = Debug|Any CPU
		{CEBEC748-F5F3-4424-8FC5-4FCFA3063FAA}.Debug|x64.Build.0 = Debug|Any CPU
		{CEBEC748-F5F3-4424-8FC5-4FCFA3063FAA}.Debug|x86.ActiveCfg = Debug|Any CPU
		{CEBEC748-F5F3-4424-8FC5-4FCFA3063FAA}.Debug|x86.Build.0 = Debug|Any CPU
		{CEBEC748-F5F3-4424-8FC5-4FCFA3063FAA}.Release|Any CPU.ActiveCfg = Release|Any CPU
		{CEBEC748-F5F3-4424-8FC5-4FCFA3063FAA}.Release|Any CPU.Build.0 = Release|Any CPU
		{CEBEC748-F5F3-4424-8FC5-4FCFA3063FAA}.Release|x64.ActiveCfg = Release|Any CPU
		{CEBEC748-F5F3-4424-8FC5-4FCFA3063FAA}.Release|x64.Build.0 = Release|Any CPU
		{CEBEC748-F5F3-4424-8FC5-4FCFA3063FAA}.Release|x86.ActiveCfg = Release|Any CPU
		{CEBEC748-F5F3-4424-8FC5-4FCFA3063FAA}.Release|x86.Build.0 = Release|Any CPU
	EndGlobalSection
	GlobalSection(NestedProjects) = preSolution
		{E84C784F-493C-4670-BB79-8375EBADBBDC} = {92EEB5E1-BC21-4977-9FC2-0A89C3DA089C}
		{7841BD4B-5753-43F5-A7D5-576BA48F495B} = {33A4E5C7-B73C-40E7-B58F-C0BB4945760C}
		{CEBEC748-F5F3-4424-8FC5-4FCFA3063FAA} = {33A4E5C7-B73C-40E7-B58F-C0BB4945760C}
	EndGlobalSection
EndGlobal
